
Microsoft Visual Studio Solution File, Format Version 12.00
# Visual Studio Version 17
VisualStudioVersion = 17.3.32922.545
MinimumVisualStudioVersion = 10.0.40219.1
Project("{FAE04EC0-301F-11D3-BF4B-00C04F79EFBC}") = "TidalRPC", "TidalRPC.csproj", "{2023430F-46BF-4A42-B6FC-6C3E86E240C5}"
EndProject
Global
	GlobalSection(SolutionConfigurationPlatforms) = preSolution
		Debug|Any CPU = Debug|Any CPU
		Release|Any CPU = Release|Any CPU
	EndGlobalSection
	GlobalSection(ProjectConfigurationPlatforms) = postSolution
		{2023430F-46BF-4A42-B6FC-6C3E86E240C5}.Debug|Any CPU.ActiveCfg = Debug|Any CPU
		{2023430F-46BF-4A42-B6FC-6C3E86E240C5}.Debug|Any CPU.Build.0 = Debug|Any CPU
		{2023430F-46BF-4A42-B6FC-6C3E86E240C5}.Release|Any CPU.ActiveCfg = Release|Any CPU
		{2023430F-46BF-4A42-B6FC-6C3E86E240C5}.Release|Any CPU.Build.0 = Release|Any CPU
	EndGlobalSection
	GlobalSection(SolutionProperties) = preSolution
		HideSolutionNode = FALSE
	EndGlobalSection
	GlobalSection(ExtensibilityGlobals) = postSolution
		SolutionGuid = {6CB33F18-7A07-4E65-BCBF-069FA313A785}
	EndGlobalSection
EndGlobal
